// !$*UTF8*$!
{
	archiveVersion = 1;
	classes = {
	};
	objectVersion = 77;
	objects = {

/* Begin PBXBuildFile section */
		01D36B2791A8010D4BC35BD1 /* biscuit-sleep.json in Resources */ = {isa = PBXBuildFile; fileRef = 09287F43958291F20322FA60 /* biscuit-sleep.json */; };
		0A8CD78314CD97A85C71DE84 /* Assets.xcassets in Resources */ = {isa = PBXBuildFile; fileRef = 6F738B556762EAC2DFF0283D /* Assets.xcassets */; };
		0C27E617C5C5D613CE245907 /* hazel-idle.json in Resources */ = {isa = PBXBuildFile; fileRef = 7B7101188D8ADDB9892EF518 /* hazel-idle.json */; };
		0DED0243767E31F708532EA0 /* Formatters.swift in Sources */ = {isa = PBXBuildFile; fileRef = 46AB8279362D9C0A314D04DE /* Formatters.swift */; };
		120F7C103FB18A019327B118 /* Models.swift in Sources */ = {isa = PBXBuildFile; fileRef = D87BD941BA160587DF17D891 /* Models.swift */; };
		22E8A72CD0CAFD21E39EC955 /* NotificationPlannerTests.swift in Sources */ = {isa = PBXBuildFile; fileRef = 1743501B6D0598EC7B0752FA /* NotificationPlannerTests.swift */; };
		284663D68C6BAE725809D165 /* bramble-idle.json in Resources */ = {isa = PBXBuildFile; fileRef = 97062CE4BC787EBDB21210FD /* bramble-idle.json */; };
		2AE753E2BEAAA1A8539D1186 /* HabitMathTests.swift in Sources */ = {isa = PBXBuildFile; fileRef = 9B11C8B5A0A924BCF80FA9B1 /* HabitMathTests.swift */; };
		2E5F4BCC421ED1D7A3CFAAD0 /* ProgressionTests.swift in Sources */ = {isa = PBXBuildFile; fileRef = F60E15C4025EC992CE1B6555 /* ProgressionTests.swift */; };
		331D85B26033142BFCF4D778 /* TaskFilters.swift in Sources */ = {isa = PBXBuildFile; fileRef = A0573AA34998ADB3742C0BC5 /* TaskFilters.swift */; };
		3575A75AEA7ECD357F55A01B /* NotificationService.swift in Sources */ = {isa = PBXBuildFile; fileRef = 7A9FE1DCEFBAAC030AD418CB /* NotificationService.swift */; };
		3A555846372635C3C3260D17 /* RootView.swift in Sources */ = {isa = PBXBuildFile; fileRef = 6B0EC918D0E99B8D3BD00360 /* RootView.swift */; };
		3F9AA3D9D4F011271CFA9425 /* mochi-idle.json in Resources */ = {isa = PBXBuildFile; fileRef = 3C60026FAE193D020D047812 /* mochi-idle.json */; };
		4441728833A425559B66EBD9 /* cozy_action.aiff in Resources */ = {isa = PBXBuildFile; fileRef = 0FF3EAE91C5C3F9A929606B2 /* cozy_action.aiff */; };
		47F94BCB0BD74DB815DC60E1 /* biscuit-idle.json in Resources */ = {isa = PBXBuildFile; fileRef = 91C6DA7EF5506F5D57448D18 /* biscuit-idle.json */; };
		48C8C44F4F2BC6F5E9FB52C4 /* mochi-complete.json in Resources */ = {isa = PBXBuildFile; fileRef = CB74B1E5212CD860F60F75E4 /* mochi-complete.json */; };
		4E1C93E02D0DA9EA288EAC0C /* TaskFiltersTests.swift in Sources */ = {isa = PBXBuildFile; fileRef = 6F336E5B220C8A6181F7812B /* TaskFiltersTests.swift */; };
		55ADFB20A24434B84D301983 /* CozyTimeApp.swift in Sources */ = {isa = PBXBuildFile; fileRef = 4991F7541F0E081303E3FE90 /* CozyTimeApp.swift */; };
		588AAFA22D45A839ACEABED6 /* Progression.swift in Sources */ = {isa = PBXBuildFile; fileRef = 43650BCA33E5509DC0C99150 /* Progression.swift */; };
		594C123E0E12FEF759F29189 /* DesignSystem.swift in Sources */ = {isa = PBXBuildFile; fileRef = 8E63D4191ABAEC7D7028DB22 /* DesignSystem.swift */; };
		5A676EC8CDB0301DAF5E40AA /* SwiftDataMigrationTests.swift in Sources */ = {isa = PBXBuildFile; fileRef = 99C4C90DD4BDD65ACD0BCD62 /* SwiftDataMigrationTests.swift */; };
		5E26B3060518F375A0E15BED /* StatusBarController.swift in Sources */ = {isa = PBXBuildFile; fileRef = FA3F3D066B5C7D291D5EB5A1 /* StatusBarController.swift */; };
		62F184D11CFFC2438116757E /* mochi-focus.json in Resources */ = {isa = PBXBuildFile; fileRef = 42571DBFB8B32E4CBAB23838 /* mochi-focus.json */; };
		679B0A7C303201CD2D25F02D /* LottieMascot.swift in Sources */ = {isa = PBXBuildFile; fileRef = 8773B1C780038E6EEFB53A87 /* LottieMascot.swift */; };
		74AB4A6BF61CF1EE6301ECF0 /* FocusViews.swift in Sources */ = {isa = PBXBuildFile; fileRef = B4C3020C21BF1B3C2E51EB96 /* FocusViews.swift */; };
		75CE2AC47BD9860D0C015C96 /* Commands.swift in Sources */ = {isa = PBXBuildFile; fileRef = E39FB1A843C46D47C4851C45 /* Commands.swift */; };
		7D991D24E6E8CB63E86DA3C4 /* CozyTimeUITests.swift in Sources */ = {isa = PBXBuildFile; fileRef = 55B959DF413925FFA1A540F6 /* CozyTimeUITests.swift */; };
		7DC10BB36617652FE8C64154 /* Lottie in Frameworks */ = {isa = PBXBuildFile; productRef = E5E071DBBE546E4AF9C52ACB /* Lottie */; };
		828743255FC1F6401EE4C695 /* OpenToonzArt_LICENSE.txt in Resources */ = {isa = PBXBuildFile; fileRef = F5258CAD52BE951607BBA6A3 /* OpenToonzArt_LICENSE.txt */; };
		873673DA6E8CF6E9C18023FA /* biscuit-focus.json in Resources */ = {isa = PBXBuildFile; fileRef = 515939C58F66280FF021A32F /* biscuit-focus.json */; };
		8A35FA3BDBEB16E0254813F2 /* LICENSE.txt in Resources */ = {isa = PBXBuildFile; fileRef = E97F843F8FF5EA7BB82A2AB2 /* LICENSE.txt */; };
		8AA2D17B46EF12AF61B43057 /* SwiftDataAppDataStore.swift in Sources */ = {isa = PBXBuildFile; fileRef = D5D87DAC924338B79DF5719C /* SwiftDataAppDataStore.swift */; };
		921DFEC86AF09ACDD8A14739 /* WelcomeBackBanner.swift in Sources */ = {isa = PBXBuildFile; fileRef = BBDA3198C877174B0C782BC4 /* WelcomeBackBanner.swift */; };
		93BB926259DD4FDEB9810DDB /* CountdownViews.swift in Sources */ = {isa = PBXBuildFile; fileRef = A61A415CD1CE1F570C138413 /* CountdownViews.swift */; };
		940065C4BB8246AAF7EE89FF /* CountdownEventTests.swift in Sources */ = {isa = PBXBuildFile; fileRef = 1063D096C8EBE6C2C653CD77 /* CountdownEventTests.swift */; };
		A19A9101367BBDB0508B667F /* CozyCore.framework in Frameworks */ = {isa = PBXBuildFile; fileRef = 0081C01573582FE68C056226 /* CozyCore.framework */; };
		A30DFB8E8D4F9381C0BA863A /* NotificationDraft.swift in Sources */ = {isa = PBXBuildFile; fileRef = 6F9C436ECF4FA6031F0B7425 /* NotificationDraft.swift */; };
		A46B4412F7F71EF6886C085C /* FocusTimerStoreTests.swift in Sources */ = {isa = PBXBuildFile; fileRef = 30CD6034746F0C3FDE9A83F1 /* FocusTimerStoreTests.swift */; };
		A5844E656EE6FC17A4A00031 /* yolk-idle.json in Resources */ = {isa = PBXBuildFile; fileRef = 56A25B14FD6B0C70B27E06C8 /* yolk-idle.json */; };
		A7A6ABC246364E5C6FE1FB85 /* HabitMath.swift in Sources */ = {isa = PBXBuildFile; fileRef = B9A8710CC0B456A7E034DD5A /* HabitMath.swift */; };
		ABE975C734B93CEFC4BBF381 /* biscuit-pause.json in Resources */ = {isa = PBXBuildFile; fileRef = E9E760DC6F618A358F63FD5A /* biscuit-pause.json */; };
		AC12336409390C2690A550AB /* HabitStatsViews.swift in Sources */ = {isa = PBXBuildFile; fileRef = 6565004D696D2ED5323F3E29 /* HabitStatsViews.swift */; };
		ACE4997FACE98AF5459630CD /* CozyCore.framework in Frameworks */ = {isa = PBXBuildFile; fileRef = 0081C01573582FE68C056226 /* CozyCore.framework */; };
		B2763572C35B55E48C43F057 /* CozyHaptics.swift in Sources */ = {isa = PBXBuildFile; fileRef = 8F732C88C5D02DC69E1BA6F6 /* CozyHaptics.swift */; };
		B68E3C80348B28AB8DF8037D /* cozy_complete.aiff in Resources */ = {isa = PBXBuildFile; fileRef = 8FC5EB698638E5073C9A487B /* cozy_complete.aiff */; };
		B8C7425C90352C1593CE73BD /* TimerEngineTests.swift in Sources */ = {isa = PBXBuildFile; fileRef = 7FD23B6FD109262F7E1221D7 /* TimerEngineTests.swift */; };
		BE0D90A7C6D41DD28AAD6700 /* CozyCore.framework in Embed Frameworks */ = {isa = PBXBuildFile; fileRef = 0081C01573582FE68C056226 /* CozyCore.framework */; settings = {ATTRIBUTES = (CodeSignOnCopy, RemoveHeadersOnCopy, ); }; };
		BE48EFFB5AC36AEE66614731 /* bao-idle.json in Resources */ = {isa = PBXBuildFile; fileRef = 2A1F3BC7FADAAAB1F1D18E9D /* bao-idle.json */; };
		C17D9797EB48F90AD447A489 /* acorn-idle.json in Resources */ = {isa = PBXBuildFile; fileRef = 0079A7AC54A82883E6833A63 /* acorn-idle.json */; };
		C395BB028C0A8F8CE7C3074E /* PrivacyInfo.xcprivacy in Resources */ = {isa = PBXBuildFile; fileRef = 693F00100566AF90D9C11787 /* PrivacyInfo.xcprivacy */; };
		C85191D64F053BB193DEC6DC /* TaskViews.swift in Sources */ = {isa = PBXBuildFile; fileRef = 494A69F5E455467346DAF1E0 /* TaskViews.swift */; };
		C872B352ECEF5985EBA516D6 /* pip-idle.json in Resources */ = {isa = PBXBuildFile; fileRef = EA3A42914FABC12FAAA8C170 /* pip-idle.json */; };
		CF6518DCAD66F64CFF7CE977 /* TimerEngine.swift in Sources */ = {isa = PBXBuildFile; fileRef = 15E086DAC551E8E37619C1D4 /* TimerEngine.swift */; };
		D1EEE45C3023AB8FB76CB5E4 /* cozy_tick.aiff in Resources */ = {isa = PBXBuildFile; fileRef = 4B76692F2453F9B0827E196F /* cozy_tick.aiff */; };
		D801169EB609BF3BE3E5B055 /* mochi-pause.json in Resources */ = {isa = PBXBuildFile; fileRef = 918C56E2D5B263BA270CF551 /* mochi-pause.json */; };
		DBD4284690F4ED7E623C7A92 /* soba-idle.json in Resources */ = {isa = PBXBuildFile; fileRef = 88D009DF8E9B1BEF9F04AB1A /* soba-idle.json */; };
		DFE6AB041072E410166C20EE /* DateHelpers.swift in Sources */ = {isa = PBXBuildFile; fileRef = 0337C4528AC60A5EECB3F231 /* DateHelpers.swift */; };
		E2B16B74C3D89D29C9058495 /* ShortcutsHelpSheet.swift in Sources */ = {isa = PBXBuildFile; fileRef = C1A3B07F1B30F0F603D8BD1B /* ShortcutsHelpSheet.swift */; };
		E52D584B7C9C4728A47EAE1E /* CozyCore.framework in Embed Frameworks */ = {isa = PBXBuildFile; fileRef = 0081C01573582FE68C056226 /* CozyCore.framework */; settings = {ATTRIBUTES = (CodeSignOnCopy, RemoveHeadersOnCopy, ); }; };
		EBFE56BF5080D1F385463285 /* Onboarding.swift in Sources */ = {isa = PBXBuildFile; fileRef = 4E3A44918C583E03B6639860 /* Onboarding.swift */; };
		F245F049FB70DDC6322E8DF1 /* FocusTimerStore.swift in Sources */ = {isa = PBXBuildFile; fileRef = 38F48738DBE86D09FC471464 /* FocusTimerStore.swift */; };
		F9CBBF86ECCB99F3D19797D9 /* biscuit-complete.json in Resources */ = {isa = PBXBuildFile; fileRef = D9F9D1345BF1461A89F53CD3 /* biscuit-complete.json */; };
		FDBE3B7CA0C021D94E9823E4 /* tofu-idle.json in Resources */ = {isa = PBXBuildFile; fileRef = A252088DB68E174D8C4F235D /* tofu-idle.json */; };
/* End PBXBuildFile section */

/* Begin PBXContainerItemProxy section */
		8218A0C8D83BD53D06D4E574 /* PBXContainerItemProxy */ = {
			isa = PBXContainerItemProxy;
			containerPortal = BCE509F53E35E1FACCED9299 /* Project object */;
			proxyType = 1;
			remoteGlobalIDString = 4AE7BC84376B8BD4B63B5604;
			remoteInfo = CozyTime;
		};
		CCD49B3B726FBAE3B93A30F1 /* PBXContainerItemProxy */ = {
			isa = PBXContainerItemProxy;
			containerPortal = BCE509F53E35E1FACCED9299 /* Project object */;
			proxyType = 1;
			remoteGlobalIDString = 4AE7BC84376B8BD4B63B5604;
			remoteInfo = CozyTime;
		};
		CD2EE2D47A7D4119AB5D2EA5 /* PBXContainerItemProxy */ = {
			isa = PBXContainerItemProxy;
			containerPortal = BCE509F53E35E1FACCED9299 /* Project object */;
			proxyType = 1;
			remoteGlobalIDString = B7721E17FA44A3E85DE5FEED;
			remoteInfo = CozyCore;
		};
		D5E75986EC1587F1B265C2CE /* PBXContainerItemProxy */ = {
			isa = PBXContainerItemProxy;
			containerPortal = BCE509F53E35E1FACCED9299 /* Project object */;
			proxyType = 1;
			remoteGlobalIDString = B7721E17FA44A3E85DE5FEED;
			remoteInfo = CozyCore;
		};
/* End PBXContainerItemProxy section */

/* Begin PBXCopyFilesBuildPhase section */
		3B642603352D89D315300E62 /* Embed Frameworks */ = {
			isa = PBXCopyFilesBuildPhase;
			buildActionMask = 2147483647;
			dstPath = "";
			dstSubfolderSpec = 10;
			files = (
				BE0D90A7C6D41DD28AAD6700 /* CozyCore.framework in Embed Frameworks */,
			);
			name = "Embed Frameworks";
			runOnlyForDeploymentPostprocessing = 0;
		};
		877FE4CC7CDA376BBABB740D /* Embed Frameworks */ = {
			isa = PBXCopyFilesBuildPhase;
			buildActionMask = 2147483647;
			dstPath = "";
			dstSubfolderSpec = 10;
			files = (
				E52D584B7C9C4728A47EAE1E /* CozyCore.framework in Embed Frameworks */,
			);
			name = "Embed Frameworks";
			runOnlyForDeploymentPostprocessing = 0;
		};
/* End PBXCopyFilesBuildPhase section */

/* Begin PBXFileReference section */
		0079A7AC54A82883E6833A63 /* acorn-idle.json */ = {isa = PBXFileReference; lastKnownFileType = text.json; path = "acorn-idle.json"; sourceTree = "<group>"; };
		0081C01573582FE68C056226 /* CozyCore.framework */ = {isa = PBXFileReference; explicitFileType = wrapper.framework; includeInIndex = 0; path = CozyCore.framework; sourceTree = BUILT_PRODUCTS_DIR; };
		0337C4528AC60A5EECB3F231 /* DateHelpers.swift */ = {isa = PBXFileReference; lastKnownFileType = sourcecode.swift; path = DateHelpers.swift; sourceTree = "<group>"; };
		09287F43958291F20322FA60 /* biscuit-sleep.json */ = {isa = PBXFileReference; lastKnownFileType = text.json; path = "biscuit-sleep.json"; sourceTree = "<group>"; };
		0FF3EAE91C5C3F9A929606B2 /* cozy_action.aiff */ = {isa = PBXFileReference; lastKnownFileType = audio.aiff; path = cozy_action.aiff; sourceTree = "<group>"; };
		1063D096C8EBE6C2C653CD77 /* CountdownEventTests.swift */ = {isa = PBXFileReference; lastKnownFileType = sourcecode.swift; path = CountdownEventTests.swift; sourceTree = "<group>"; };
		113F5946F3D3C6EC0763C366 /* CozyTimeUITests.xctest */ = {isa = PBXFileReference; explicitFileType = wrapper.cfbundle; includeInIndex = 0; path = CozyTimeUITests.xctest; sourceTree = BUILT_PRODUCTS_DIR; };
		15E086DAC551E8E37619C1D4 /* TimerEngine.swift */ = {isa = PBXFileReference; lastKnownFileType = sourcecode.swift; path = TimerEngine.swift; sourceTree = "<group>"; };
		1743501B6D0598EC7B0752FA /* NotificationPlannerTests.swift */ = {isa = PBXFileReference; lastKnownFileType = sourcecode.swift; path = NotificationPlannerTests.swift; sourceTree = "<group>"; };
		2A1F3BC7FADAAAB1F1D18E9D /* bao-idle.json */ = {isa = PBXFileReference; lastKnownFileType = text.json; path = "bao-idle.json"; sourceTree = "<group>"; };
		30CD6034746F0C3FDE9A83F1 /* FocusTimerStoreTests.swift */ = {isa = PBXFileReference; lastKnownFileType = sourcecode.swift; path = FocusTimerStoreTests.swift; sourceTree = "<group>"; };
		38F48738DBE86D09FC471464 /* FocusTimerStore.swift */ = {isa = PBXFileReference; lastKnownFileType = sourcecode.swift; path = FocusTimerStore.swift; sourceTree = "<group>"; };
		3C60026FAE193D020D047812 /* mochi-idle.json */ = {isa = PBXFileReference; lastKnownFileType = text.json; path = "mochi-idle.json"; sourceTree = "<group>"; };
		42571DBFB8B32E4CBAB23838 /* mochi-focus.json */ = {isa = PBXFileReference; lastKnownFileType = text.json; path = "mochi-focus.json"; sourceTree = "<group>"; };
		43650BCA33E5509DC0C99150 /* Progression.swift */ = {isa = PBXFileReference; lastKnownFileType = sourcecode.swift; path = Progression.swift; sourceTree = "<group>"; };
		46AB8279362D9C0A314D04DE /* Formatters.swift */ = {isa = PBXFileReference; lastKnownFileType = sourcecode.swift; path = Formatters.swift; sourceTree = "<group>"; };
		494A69F5E455467346DAF1E0 /* TaskViews.swift */ = {isa = PBXFileReference; lastKnownFileType = sourcecode.swift; path = TaskViews.swift; sourceTree = "<group>"; };
		4991F7541F0E081303E3FE90 /* CozyTimeApp.swift */ = {isa = PBXFileReference; lastKnownFileType = sourcecode.swift; path = CozyTimeApp.swift; sourceTree = "<group>"; };
		4B76692F2453F9B0827E196F /* cozy_tick.aiff */ = {isa = PBXFileReference; lastKnownFileType = audio.aiff; path = cozy_tick.aiff; sourceTree = "<group>"; };
		4E3A44918C583E03B6639860 /* Onboarding.swift */ = {isa = PBXFileReference; lastKnownFileType = sourcecode.swift; path = Onboarding.swift; sourceTree = "<group>"; };
		515939C58F66280FF021A32F /* biscuit-focus.json */ = {isa = PBXFileReference; lastKnownFileType = text.json; path = "biscuit-focus.json"; sourceTree = "<group>"; };
		55B959DF413925FFA1A540F6 /* CozyTimeUITests.swift */ = {isa = PBXFileReference; lastKnownFileType = sourcecode.swift; path = CozyTimeUITests.swift; sourceTree = "<group>"; };
		56A25B14FD6B0C70B27E06C8 /* yolk-idle.json */ = {isa = PBXFileReference; lastKnownFileType = text.json; path = "yolk-idle.json"; sourceTree = "<group>"; };
		6565004D696D2ED5323F3E29 /* HabitStatsViews.swift */ = {isa = PBXFileReference; lastKnownFileType = sourcecode.swift; path = HabitStatsViews.swift; sourceTree = "<group>"; };
		693F00100566AF90D9C11787 /* PrivacyInfo.xcprivacy */ = {isa = PBXFileReference; path = PrivacyInfo.xcprivacy; sourceTree = "<group>"; };
		6B0EC918D0E99B8D3BD00360 /* RootView.swift */ = {isa = PBXFileReference; lastKnownFileType = sourcecode.swift; path = RootView.swift; sourceTree = "<group>"; };
		6F336E5B220C8A6181F7812B /* TaskFiltersTests.swift */ = {isa = PBXFileReference; lastKnownFileType = sourcecode.swift; path = TaskFiltersTests.swift; sourceTree = "<group>"; };
		6F738B556762EAC2DFF0283D /* Assets.xcassets */ = {isa = PBXFileReference; lastKnownFileType = folder.assetcatalog; path = Assets.xcassets; sourceTree = "<group>"; };
		6F9C436ECF4FA6031F0B7425 /* NotificationDraft.swift */ = {isa = PBXFileReference; lastKnownFileType = sourcecode.swift; path = NotificationDraft.swift; sourceTree = "<group>"; };
		7A9FE1DCEFBAAC030AD418CB /* NotificationService.swift */ = {isa = PBXFileReference; lastKnownFileType = sourcecode.swift; path = NotificationService.swift; sourceTree = "<group>"; };
		7B7101188D8ADDB9892EF518 /* hazel-idle.json */ = {isa = PBXFileReference; lastKnownFileType = text.json; path = "hazel-idle.json"; sourceTree = "<group>"; };
		7FD23B6FD109262F7E1221D7 /* TimerEngineTests.swift */ = {isa = PBXFileReference; lastKnownFileType = sourcecode.swift; path = TimerEngineTests.swift; sourceTree = "<group>"; };
		8773B1C780038E6EEFB53A87 /* LottieMascot.swift */ = {isa = PBXFileReference; lastKnownFileType = sourcecode.swift; path = LottieMascot.swift; sourceTree = "<group>"; };
		88D009DF8E9B1BEF9F04AB1A /* soba-idle.json */ = {isa = PBXFileReference; lastKnownFileType = text.json; path = "soba-idle.json"; sourceTree = "<group>"; };
		8D2EF12A7783F9DC0C952FA3 /* CozyTimeTests.xctest */ = {isa = PBXFileReference; explicitFileType = wrapper.cfbundle; includeInIndex = 0; path = CozyTimeTests.xctest; sourceTree = BUILT_PRODUCTS_DIR; };
		8E63D4191ABAEC7D7028DB22 /* DesignSystem.swift */ = {isa = PBXFileReference; lastKnownFileType = sourcecode.swift; path = DesignSystem.swift; sourceTree = "<group>"; };
		8F732C88C5D02DC69E1BA6F6 /* CozyHaptics.swift */ = {isa = PBXFileReference; lastKnownFileType = sourcecode.swift; path = CozyHaptics.swift; sourceTree = "<group>"; };
		8FC5EB698638E5073C9A487B /* cozy_complete.aiff */ = {isa = PBXFileReference; lastKnownFileType = audio.aiff; path = cozy_complete.aiff; sourceTree = "<group>"; };
		918C56E2D5B263BA270CF551 /* mochi-pause.json */ = {isa = PBXFileReference; lastKnownFileType = text.json; path = "mochi-pause.json"; sourceTree = "<group>"; };
		91C6DA7EF5506F5D57448D18 /* biscuit-idle.json */ = {isa = PBXFileReference; lastKnownFileType = text.json; path = "biscuit-idle.json"; sourceTree = "<group>"; };
		97062CE4BC787EBDB21210FD /* bramble-idle.json */ = {isa = PBXFileReference; lastKnownFileType = text.json; path = "bramble-idle.json"; sourceTree = "<group>"; };
		99C4C90DD4BDD65ACD0BCD62 /* SwiftDataMigrationTests.swift */ = {isa = PBXFileReference; lastKnownFileType = sourcecode.swift; path = SwiftDataMigrationTests.swift; sourceTree = "<group>"; };
		9B11C8B5A0A924BCF80FA9B1 /* HabitMathTests.swift */ = {isa = PBXFileReference; lastKnownFileType = sourcecode.swift; path = HabitMathTests.swift; sourceTree = "<group>"; };
		A0573AA34998ADB3742C0BC5 /* TaskFilters.swift */ = {isa = PBXFileReference; lastKnownFileType = sourcecode.swift; path = TaskFilters.swift; sourceTree = "<group>"; };
		A252088DB68E174D8C4F235D /* tofu-idle.json */ = {isa = PBXFileReference; lastKnownFileType = text.json; path = "tofu-idle.json"; sourceTree = "<group>"; };
		A61A415CD1CE1F570C138413 /* CountdownViews.swift */ = {isa = PBXFileReference; lastKnownFileType = sourcecode.swift; path = CountdownViews.swift; sourceTree = "<group>"; };
		B4C3020C21BF1B3C2E51EB96 /* FocusViews.swift */ = {isa = PBXFileReference; lastKnownFileType = sourcecode.swift; path = FocusViews.swift; sourceTree = "<group>"; };
		B9A8710CC0B456A7E034DD5A /* HabitMath.swift */ = {isa = PBXFileReference; lastKnownFileType = sourcecode.swift; path = HabitMath.swift; sourceTree = "<group>"; };
		BBDA3198C877174B0C782BC4 /* WelcomeBackBanner.swift */ = {isa = PBXFileReference; lastKnownFileType = sourcecode.swift; path = WelcomeBackBanner.swift; sourceTree = "<group>"; };
		C1A3B07F1B30F0F603D8BD1B /* ShortcutsHelpSheet.swift */ = {isa = PBXFileReference; lastKnownFileType = sourcecode.swift; path = ShortcutsHelpSheet.swift; sourceTree = "<group>"; };
		CB74B1E5212CD860F60F75E4 /* mochi-complete.json */ = {isa = PBXFileReference; lastKnownFileType = text.json; path = "mochi-complete.json"; sourceTree = "<group>"; };
		D5D87DAC924338B79DF5719C /* SwiftDataAppDataStore.swift */ = {isa = PBXFileReference; lastKnownFileType = sourcecode.swift; path = SwiftDataAppDataStore.swift; sourceTree = "<group>"; };
		D87BD941BA160587DF17D891 /* Models.swift */ = {isa = PBXFileReference; lastKnownFileType = sourcecode.swift; path = Models.swift; sourceTree = "<group>"; };
		D968AAF0FE33779E9FE40EDE /* CozyTime.app */ = {isa = PBXFileReference; explicitFileType = wrapper.application; includeInIndex = 0; path = CozyTime.app; sourceTree = BUILT_PRODUCTS_DIR; };
		D9F9D1345BF1461A89F53CD3 /* biscuit-complete.json */ = {isa = PBXFileReference; lastKnownFileType = text.json; path = "biscuit-complete.json"; sourceTree = "<group>"; };
		E39FB1A843C46D47C4851C45 /* Commands.swift */ = {isa = PBXFileReference; lastKnownFileType = sourcecode.swift; path = Commands.swift; sourceTree = "<group>"; };
		E97F843F8FF5EA7BB82A2AB2 /* LICENSE.txt */ = {isa = PBXFileReference; lastKnownFileType = text; path = LICENSE.txt; sourceTree = "<group>"; };
		E9E760DC6F618A358F63FD5A /* biscuit-pause.json */ = {isa = PBXFileReference; lastKnownFileType = text.json; path = "biscuit-pause.json"; sourceTree = "<group>"; };
		EA3A42914FABC12FAAA8C170 /* pip-idle.json */ = {isa = PBXFileReference; lastKnownFileType = text.json; path = "pip-idle.json"; sourceTree = "<group>"; };
		F5258CAD52BE951607BBA6A3 /* OpenToonzArt_LICENSE.txt */ = {isa = PBXFileReference; lastKnownFileType = text; path = OpenToonzArt_LICENSE.txt; sourceTree = "<group>"; };
		F60E15C4025EC992CE1B6555 /* ProgressionTests.swift */ = {isa = PBXFileReference; lastKnownFileType = sourcecode.swift; path = ProgressionTests.swift; sourceTree = "<group>"; };
		FA3F3D066B5C7D291D5EB5A1 /* StatusBarController.swift */ = {isa = PBXFileReference; lastKnownFileType = sourcecode.swift; path = StatusBarController.swift; sourceTree = "<group>"; };
/* End PBXFileReference section */

/* Begin PBXFrameworksBuildPhase section */
		3E859542090149E5F869EDC6 /* Frameworks */ = {
			isa = PBXFrameworksBuildPhase;
			buildActionMask = 2147483647;
			files = (
				A19A9101367BBDB0508B667F /* CozyCore.framework in Frameworks */,
			);
			runOnlyForDeploymentPostprocessing = 0;
		};
		ED16943C4DA648BB97372B92 /* Frameworks */ = {
			isa = PBXFrameworksBuildPhase;
			buildActionMask = 2147483647;
			files = (
				ACE4997FACE98AF5459630CD /* CozyCore.framework in Frameworks */,
				7DC10BB36617652FE8C64154 /* Lottie in Frameworks */,
			);
			runOnlyForDeploymentPostprocessing = 0;
		};
/* End PBXFrameworksBuildPhase section */

/* Begin PBXGroup section */
		20846C9EFBB3F59F36B82A70 /* CozyTime */ = {
			isa = PBXGroup;
			children = (
				6F738B556762EAC2DFF0283D /* Assets.xcassets */,
				D5D87DAC924338B79DF5719C /* SwiftDataAppDataStore.swift */,
			);
			path = CozyTime;
			sourceTree = "<group>";
		};
		279E52E7483CA662E6E10DEF /* Tests */ = {
			isa = PBXGroup;
			children = (
				D637572ACE68D272E6A6764A /* CozyCoreTests */,
			);
			path = Tests;
			sourceTree = "<group>";
		};
		34B9DF6F32271527DF6CC2C5 /* Sources */ = {
			isa = PBXGroup;
			children = (
				A5C08ED16EF4ABB310C04C93 /* CozyCore */,
				D719DD620F3A34D3CF21980C /* CozyTime */,
			);
			path = Sources;
			sourceTree = "<group>";
		};
		3CBEDCE82954E1521044D09D /* Products */ = {
			isa = PBXGroup;
			children = (
				0081C01573582FE68C056226 /* CozyCore.framework */,
				D968AAF0FE33779E9FE40EDE /* CozyTime.app */,
				8D2EF12A7783F9DC0C952FA3 /* CozyTimeTests.xctest */,
				113F5946F3D3C6EC0763C366 /* CozyTimeUITests.xctest */,
			);
			name = Products;
			sourceTree = "<group>";
		};
		5782F59C20BB543AE4CD155A = {
			isa = PBXGroup;
			children = (
				34B9DF6F32271527DF6CC2C5 /* Sources */,
				279E52E7483CA662E6E10DEF /* Tests */,
				C86F294B679BE90B76F5DF80 /* XcodeSupport */,
				A7C4B4AF49C6D15F1A1AC94B /* XcodeTests */,
				3CBEDCE82954E1521044D09D /* Products */,
			);
			sourceTree = "<group>";
		};
		579D173A87C0494934ED78DE /* Sounds */ = {
			isa = PBXGroup;
			children = (
				0FF3EAE91C5C3F9A929606B2 /* cozy_action.aiff */,
				8FC5EB698638E5073C9A487B /* cozy_complete.aiff */,
				4B76692F2453F9B0827E196F /* cozy_tick.aiff */,
			);
			path = Sounds;
			sourceTree = "<group>";
		};
		93E5E1C04042C3025DADEFF0 /* CozyTimeTests */ = {
			isa = PBXGroup;
			children = (
				30CD6034746F0C3FDE9A83F1 /* FocusTimerStoreTests.swift */,
				99C4C90DD4BDD65ACD0BCD62 /* SwiftDataMigrationTests.swift */,
			);
			path = CozyTimeTests;
			sourceTree = "<group>";
		};
		A5C08ED16EF4ABB310C04C93 /* CozyCore */ = {
			isa = PBXGroup;
			children = (
				0337C4528AC60A5EECB3F231 /* DateHelpers.swift */,
				B9A8710CC0B456A7E034DD5A /* HabitMath.swift */,
				D87BD941BA160587DF17D891 /* Models.swift */,
				6F9C436ECF4FA6031F0B7425 /* NotificationDraft.swift */,
				43650BCA33E5509DC0C99150 /* Progression.swift */,
				A0573AA34998ADB3742C0BC5 /* TaskFilters.swift */,
				15E086DAC551E8E37619C1D4 /* TimerEngine.swift */,
			);
			path = CozyCore;
			sourceTree = "<group>";
		};
		A7C4B4AF49C6D15F1A1AC94B /* XcodeTests */ = {
			isa = PBXGroup;
			children = (
				93E5E1C04042C3025DADEFF0 /* CozyTimeTests */,
				F73EF1B184B8CB7779F06DEA /* CozyTimeUITests */,
			);
			path = XcodeTests;
			sourceTree = "<group>";
		};
		C86F294B679BE90B76F5DF80 /* XcodeSupport */ = {
			isa = PBXGroup;
			children = (
				20846C9EFBB3F59F36B82A70 /* CozyTime */,
			);
			path = XcodeSupport;
			sourceTree = "<group>";
		};
		C86FFCAB960CDA31729D3A18 /* Resources */ = {
			isa = PBXGroup;
			children = (
				F5258CAD52BE951607BBA6A3 /* OpenToonzArt_LICENSE.txt */,
				693F00100566AF90D9C11787 /* PrivacyInfo.xcprivacy */,
				CE789D4D136EB533A44EF3E1 /* Mascot */,
				579D173A87C0494934ED78DE /* Sounds */,
			);
			path = Resources;
			sourceTree = "<group>";
		};
		CE789D4D136EB533A44EF3E1 /* Mascot */ = {
			isa = PBXGroup;
			children = (
				0079A7AC54A82883E6833A63 /* acorn-idle.json */,
				2A1F3BC7FADAAAB1F1D18E9D /* bao-idle.json */,
				D9F9D1345BF1461A89F53CD3 /* biscuit-complete.json */,
				515939C58F66280FF021A32F /* biscuit-focus.json */,
				91C6DA7EF5506F5D57448D18 /* biscuit-idle.json */,
				E9E760DC6F618A358F63FD5A /* biscuit-pause.json */,
				09287F43958291F20322FA60 /* biscuit-sleep.json */,
				97062CE4BC787EBDB21210FD /* bramble-idle.json */,
				7B7101188D8ADDB9892EF518 /* hazel-idle.json */,
				E97F843F8FF5EA7BB82A2AB2 /* LICENSE.txt */,
				CB74B1E5212CD860F60F75E4 /* mochi-complete.json */,
				42571DBFB8B32E4CBAB23838 /* mochi-focus.json */,
				3C60026FAE193D020D047812 /* mochi-idle.json */,
				918C56E2D5B263BA270CF551 /* mochi-pause.json */,
				EA3A42914FABC12FAAA8C170 /* pip-idle.json */,
				88D009DF8E9B1BEF9F04AB1A /* soba-idle.json */,
				A252088DB68E174D8C4F235D /* tofu-idle.json */,
				56A25B14FD6B0C70B27E06C8 /* yolk-idle.json */,
			);
			path = Mascot;
			sourceTree = "<group>";
		};
		D637572ACE68D272E6A6764A /* CozyCoreTests */ = {
			isa = PBXGroup;
			children = (
				1063D096C8EBE6C2C653CD77 /* CountdownEventTests.swift */,
				9B11C8B5A0A924BCF80FA9B1 /* HabitMathTests.swift */,
				1743501B6D0598EC7B0752FA /* NotificationPlannerTests.swift */,
				F60E15C4025EC992CE1B6555 /* ProgressionTests.swift */,
				6F336E5B220C8A6181F7812B /* TaskFiltersTests.swift */,
				7FD23B6FD109262F7E1221D7 /* TimerEngineTests.swift */,
			);
			path = CozyCoreTests;
			sourceTree = "<group>";
		};
		D719DD620F3A34D3CF21980C /* CozyTime */ = {
			isa = PBXGroup;
			children = (
				E39FB1A843C46D47C4851C45 /* Commands.swift */,
				A61A415CD1CE1F570C138413 /* CountdownViews.swift */,
				8F732C88C5D02DC69E1BA6F6 /* CozyHaptics.swift */,
				4991F7541F0E081303E3FE90 /* CozyTimeApp.swift */,
				8E63D4191ABAEC7D7028DB22 /* DesignSystem.swift */,
				38F48738DBE86D09FC471464 /* FocusTimerStore.swift */,
				B4C3020C21BF1B3C2E51EB96 /* FocusViews.swift */,
				46AB8279362D9C0A314D04DE /* Formatters.swift */,
				6565004D696D2ED5323F3E29 /* HabitStatsViews.swift */,
				8773B1C780038E6EEFB53A87 /* LottieMascot.swift */,
				7A9FE1DCEFBAAC030AD418CB /* NotificationService.swift */,
				4E3A44918C583E03B6639860 /* Onboarding.swift */,
				6B0EC918D0E99B8D3BD00360 /* RootView.swift */,
				C1A3B07F1B30F0F603D8BD1B /* ShortcutsHelpSheet.swift */,
				FA3F3D066B5C7D291D5EB5A1 /* StatusBarController.swift */,
				494A69F5E455467346DAF1E0 /* TaskViews.swift */,
				BBDA3198C877174B0C782BC4 /* WelcomeBackBanner.swift */,
				C86FFCAB960CDA31729D3A18 /* Resources */,
			);
			path = CozyTime;
			sourceTree = "<group>";
		};
		F73EF1B184B8CB7779F06DEA /* CozyTimeUITests */ = {
			isa = PBXGroup;
			children = (
				55B959DF413925FFA1A540F6 /* CozyTimeUITests.swift */,
			);
			path = CozyTimeUITests;
			sourceTree = "<group>";
		};
/* End PBXGroup section */

/* Begin PBXNativeTarget section */
		3DA29C6489879300556C5C89 /* CozyTimeTests */ = {
			isa = PBXNativeTarget;
			buildConfigurationList = A439BBE90C1E5D1EF35C69FF /* Build configuration list for PBXNativeTarget "CozyTimeTests" */;
			buildPhases = (
				FE2F06A2AD455036684633C5 /* Sources */,
				3E859542090149E5F869EDC6 /* Frameworks */,
				3B642603352D89D315300E62 /* Embed Frameworks */,
			);
			buildRules = (
			);
			dependencies = (
				9A448EE567DC790970D6778C /* PBXTargetDependency */,
				B978233C896F9F0ED9DF2E5B /* PBXTargetDependency */,
			);
			name = CozyTimeTests;
			packageProductDependencies = (
			);
			productName = CozyTimeTests;
			productReference = 8D2EF12A7783F9DC0C952FA3 /* CozyTimeTests.xctest */;
			productType = "com.apple.product-type.bundle.unit-test";
		};
		4AE7BC84376B8BD4B63B5604 /* CozyTime */ = {
			isa = PBXNativeTarget;
			buildConfigurationList = 09DA137489576512C5E521B8 /* Build configuration list for PBXNativeTarget "CozyTime" */;
			buildPhases = (
				EDC4F6DC27DEDC86A111341C /* Sources */,
				A24052A22955FD57F5F3DD7A /* Resources */,
				ED16943C4DA648BB97372B92 /* Frameworks */,
				877FE4CC7CDA376BBABB740D /* Embed Frameworks */,
			);
			buildRules = (
			);
			dependencies = (
				B3C351A79FBFD68F5FA8BFB0 /* PBXTargetDependency */,
			);
			name = CozyTime;
			packageProductDependencies = (
				E5E071DBBE546E4AF9C52ACB /* Lottie */,
			);
			productName = CozyTime;
			productReference = D968AAF0FE33779E9FE40EDE /* CozyTime.app */;
			productType = "com.apple.product-type.application";
		};
		B7721E17FA44A3E85DE5FEED /* CozyCore */ = {
			isa = PBXNativeTarget;
			buildConfigurationList = 3BFA23E6D45B43B6D7F69BBF /* Build configuration list for PBXNativeTarget "CozyCore" */;
			buildPhases = (
				BBE127AAF475FB4903501919 /* Sources */,
			);
			buildRules = (
			);
			dependencies = (
			);
			name = CozyCore;
			packageProductDependencies = (
			);
			productName = CozyCore;
			productReference = 0081C01573582FE68C056226 /* CozyCore.framework */;
			productType = "com.apple.product-type.framework";
		};
		C3F64FDA982E27DB0CB03E37 /* CozyTimeUITests */ = {
			isa = PBXNativeTarget;
			buildConfigurationList = 7EE4DBE0DC0DE860A117B022 /* Build configuration list for PBXNativeTarget "CozyTimeUITests" */;
			buildPhases = (
				A1780BF6A639A259BD723A44 /* Sources */,
			);
			buildRules = (
			);
			dependencies = (
				9A5816645232E63963D56C5F /* PBXTargetDependency */,
			);
			name = CozyTimeUITests;
			packageProductDependencies = (
			);
			productName = CozyTimeUITests;
			productReference = 113F5946F3D3C6EC0763C366 /* CozyTimeUITests.xctest */;
			productType = "com.apple.product-type.bundle.ui-testing";
		};
/* End PBXNativeTarget section */

/* Begin PBXProject section */
		BCE509F53E35E1FACCED9299 /* Project object */ = {
			isa = PBXProject;
			attributes = {
				BuildIndependentTargetsInParallel = YES;
				LastUpgradeCheck = 1430;
				TargetAttributes = {
					3DA29C6489879300556C5C89 = {
						DevelopmentTeam = "";
						ProvisioningStyle = Manual;
					};
					4AE7BC84376B8BD4B63B5604 = {
						DevelopmentTeam = "";
						ProvisioningStyle = Manual;
					};
					B7721E17FA44A3E85DE5FEED = {
						DevelopmentTeam = "";
						ProvisioningStyle = Manual;
					};
					C3F64FDA982E27DB0CB03E37 = {
						DevelopmentTeam = "";
						ProvisioningStyle = Manual;
						TestTargetID = 4AE7BC84376B8BD4B63B5604;
					};
				};
			};
			buildConfigurationList = 7020D3067B1F74F051CC96BD /* Build configuration list for PBXProject "CozyTime" */;
			developmentRegion = en;
			hasScannedForEncodings = 0;
			knownRegions = (
				Base,
				en,
			);
			mainGroup = 5782F59C20BB543AE4CD155A;
			minimizedProjectReferenceProxies = 1;
			packageReferences = (
				A613E196D9BF2D7D390D1A10 /* XCRemoteSwiftPackageReference "lottie-spm" */,
			);
			preferredProjectObjectVersion = 77;
			productRefGroup = 3CBEDCE82954E1521044D09D /* Products */;
			projectDirPath = "";
			projectRoot = "";
			targets = (
				B7721E17FA44A3E85DE5FEED /* CozyCore */,
				4AE7BC84376B8BD4B63B5604 /* CozyTime */,
				3DA29C6489879300556C5C89 /* CozyTimeTests */,
				C3F64FDA982E27DB0CB03E37 /* CozyTimeUITests */,
			);
		};
/* End PBXProject section */

/* Begin PBXResourcesBuildPhase section */
		A24052A22955FD57F5F3DD7A /* Resources */ = {
			isa = PBXResourcesBuildPhase;
			buildActionMask = 2147483647;
			files = (
				0A8CD78314CD97A85C71DE84 /* Assets.xcassets in Resources */,
				8A35FA3BDBEB16E0254813F2 /* LICENSE.txt in Resources */,
				828743255FC1F6401EE4C695 /* OpenToonzArt_LICENSE.txt in Resources */,
				C395BB028C0A8F8CE7C3074E /* PrivacyInfo.xcprivacy in Resources */,
				C17D9797EB48F90AD447A489 /* acorn-idle.json in Resources */,
				BE48EFFB5AC36AEE66614731 /* bao-idle.json in Resources */,
				F9CBBF86ECCB99F3D19797D9 /* biscuit-complete.json in Resources */,
				873673DA6E8CF6E9C18023FA /* biscuit-focus.json in Resources */,
				47F94BCB0BD74DB815DC60E1 /* biscuit-idle.json in Resources */,
				ABE975C734B93CEFC4BBF381 /* biscuit-pause.json in Resources */,
				01D36B2791A8010D4BC35BD1 /* biscuit-sleep.json in Resources */,
				284663D68C6BAE725809D165 /* bramble-idle.json in Resources */,
				4441728833A425559B66EBD9 /* cozy_action.aiff in Resources */,
				B68E3C80348B28AB8DF8037D /* cozy_complete.aiff in Resources */,
				D1EEE45C3023AB8FB76CB5E4 /* cozy_tick.aiff in Resources */,
				0C27E617C5C5D613CE245907 /* hazel-idle.json in Resources */,
				48C8C44F4F2BC6F5E9FB52C4 /* mochi-complete.json in Resources */,
				62F184D11CFFC2438116757E /* mochi-focus.json in Resources */,
				3F9AA3D9D4F011271CFA9425 /* mochi-idle.json in Resources */,
				D801169EB609BF3BE3E5B055 /* mochi-pause.json in Resources */,
				C872B352ECEF5985EBA516D6 /* pip-idle.json in Resources */,
				DBD4284690F4ED7E623C7A92 /* soba-idle.json in Resources */,
				FDBE3B7CA0C021D94E9823E4 /* tofu-idle.json in Resources */,
				A5844E656EE6FC17A4A00031 /* yolk-idle.json in Resources */,
			);
			runOnlyForDeploymentPostprocessing = 0;
		};
/* End PBXResourcesBuildPhase section */

/* Begin PBXSourcesBuildPhase section */
		A1780BF6A639A259BD723A44 /* Sources */ = {
			isa = PBXSourcesBuildPhase;
			buildActionMask = 2147483647;
			files = (
				7D991D24E6E8CB63E86DA3C4 /* CozyTimeUITests.swift in Sources */,
			);
			runOnlyForDeploymentPostprocessing = 0;
		};
		BBE127AAF475FB4903501919 /* Sources */ = {
			isa = PBXSourcesBuildPhase;
			buildActionMask = 2147483647;
			files = (
				DFE6AB041072E410166C20EE /* DateHelpers.swift in Sources */,
				A7A6ABC246364E5C6FE1FB85 /* HabitMath.swift in Sources */,
				120F7C103FB18A019327B118 /* Models.swift in Sources */,
				A30DFB8E8D4F9381C0BA863A /* NotificationDraft.swift in Sources */,
				588AAFA22D45A839ACEABED6 /* Progression.swift in Sources */,
				331D85B26033142BFCF4D778 /* TaskFilters.swift in Sources */,
				CF6518DCAD66F64CFF7CE977 /* TimerEngine.swift in Sources */,
			);
			runOnlyForDeploymentPostprocessing = 0;
		};
		EDC4F6DC27DEDC86A111341C /* Sources */ = {
			isa = PBXSourcesBuildPhase;
			buildActionMask = 2147483647;
			files = (
				75CE2AC47BD9860D0C015C96 /* Commands.swift in Sources */,
				93BB926259DD4FDEB9810DDB /* CountdownViews.swift in Sources */,
				B2763572C35B55E48C43F057 /* CozyHaptics.swift in Sources */,
				55ADFB20A24434B84D301983 /* CozyTimeApp.swift in Sources */,
				594C123E0E12FEF759F29189 /* DesignSystem.swift in Sources */,
				F245F049FB70DDC6322E8DF1 /* FocusTimerStore.swift in Sources */,
				74AB4A6BF61CF1EE6301ECF0 /* FocusViews.swift in Sources */,
				0DED0243767E31F708532EA0 /* Formatters.swift in Sources */,
				AC12336409390C2690A550AB /* HabitStatsViews.swift in Sources */,
				679B0A7C303201CD2D25F02D /* LottieMascot.swift in Sources */,
				3575A75AEA7ECD357F55A01B /* NotificationService.swift in Sources */,
				EBFE56BF5080D1F385463285 /* Onboarding.swift in Sources */,
				3A555846372635C3C3260D17 /* RootView.swift in Sources */,
				E2B16B74C3D89D29C9058495 /* ShortcutsHelpSheet.swift in Sources */,
				5E26B3060518F375A0E15BED /* StatusBarController.swift in Sources */,
				8AA2D17B46EF12AF61B43057 /* SwiftDataAppDataStore.swift in Sources */,
				C85191D64F053BB193DEC6DC /* TaskViews.swift in Sources */,
				921DFEC86AF09ACDD8A14739 /* WelcomeBackBanner.swift in Sources */,
			);
			runOnlyForDeploymentPostprocessing = 0;
		};
		FE2F06A2AD455036684633C5 /* Sources */ = {
			isa = PBXSourcesBuildPhase;
			buildActionMask = 2147483647;
			files = (
				940065C4BB8246AAF7EE89FF /* CountdownEventTests.swift in Sources */,
				A46B4412F7F71EF6886C085C /* FocusTimerStoreTests.swift in Sources */,
				2AE753E2BEAAA1A8539D1186 /* HabitMathTests.swift in Sources */,
				22E8A72CD0CAFD21E39EC955 /* NotificationPlannerTests.swift in Sources */,
				2E5F4BCC421ED1D7A3CFAAD0 /* ProgressionTests.swift in Sources */,
				5A676EC8CDB0301DAF5E40AA /* SwiftDataMigrationTests.swift in Sources */,
				4E1C93E02D0DA9EA288EAC0C /* TaskFiltersTests.swift in Sources */,
				B8C7425C90352C1593CE73BD /* TimerEngineTests.swift in Sources */,
			);
			runOnlyForDeploymentPostprocessing = 0;
		};
/* End PBXSourcesBuildPhase section */

/* Begin PBXTargetDependency section */
		9A448EE567DC790970D6778C /* PBXTargetDependency */ = {
			isa = PBXTargetDependency;
			target = B7721E17FA44A3E85DE5FEED /* CozyCore */;
			targetProxy = CD2EE2D47A7D4119AB5D2EA5 /* PBXContainerItemProxy */;
		};
		9A5816645232E63963D56C5F /* PBXTargetDependency */ = {
			isa = PBXTargetDependency;
			target = 4AE7BC84376B8BD4B63B5604 /* CozyTime */;
			targetProxy = CCD49B3B726FBAE3B93A30F1 /* PBXContainerItemProxy */;
		};
		B3C351A79FBFD68F5FA8BFB0 /* PBXTargetDependency */ = {
			isa = PBXTargetDependency;
			target = B7721E17FA44A3E85DE5FEED /* CozyCore */;
			targetProxy = D5E75986EC1587F1B265C2CE /* PBXContainerItemProxy */;
		};
		B978233C896F9F0ED9DF2E5B /* PBXTargetDependency */ = {
			isa = PBXTargetDependency;
			target = 4AE7BC84376B8BD4B63B5604 /* CozyTime */;
			targetProxy = 8218A0C8D83BD53D06D4E574 /* PBXContainerItemProxy */;
		};
/* End PBXTargetDependency section */

/* Begin XCBuildConfiguration section */
		02042E804EABA8C057BE1C96 /* Release */ = {
			isa = XCBuildConfiguration;
			buildSettings = {
				ALWAYS_SEARCH_USER_PATHS = NO;
				ARCHS = arm64;
				CLANG_ANALYZER_NONNULL = YES;
				CLANG_ANALYZER_NUMBER_OBJECT_CONVERSION = YES_AGGRESSIVE;
				CLANG_CXX_LANGUAGE_STANDARD = "gnu++14";
				CLANG_CXX_LIBRARY = "libc++";
				CLANG_ENABLE_MODULES = YES;
				CLANG_ENABLE_OBJC_ARC = YES;
				CLANG_ENABLE_OBJC_WEAK = YES;
				CLANG_WARN_BLOCK_CAPTURE_AUTORELEASING = YES;
				CLANG_WARN_BOOL_CONVERSION = YES;
				CLANG_WARN_COMMA = YES;
				CLANG_WARN_CONSTANT_CONVERSION = YES;
				CLANG_WARN_DEPRECATED_OBJC_IMPLEMENTATIONS = YES;
				CLANG_WARN_DIRECT_OBJC_ISA_USAGE = YES_ERROR;
				CLANG_WARN_DOCUMENTATION_COMMENTS = YES;
				CLANG_WARN_EMPTY_BODY = YES;
				CLANG_WARN_ENUM_CONVERSION = YES;
				CLANG_WARN_INFINITE_RECURSION = YES;
				CLANG_WARN_INT_CONVERSION = YES;
				CLANG_WARN_NON_LITERAL_NULL_CONVERSION = YES;
				CLANG_WARN_OBJC_IMPLICIT_RETAIN_SELF = YES;
				CLANG_WARN_OBJC_LITERAL_CONVERSION = YES;
				CLANG_WARN_OBJC_ROOT_CLASS = YES_ERROR;
				CLANG_WARN_QUOTED_INCLUDE_IN_FRAMEWORK_HEADER = YES;
				CLANG_WARN_RANGE_LOOP_ANALYSIS = YES;
				CLANG_WARN_STRICT_PROTOTYPES = YES;
				CLANG_WARN_SUSPICIOUS_MOVE = YES;
				CLANG_WARN_UNGUARDED_AVAILABILITY = YES_AGGRESSIVE;
				CLANG_WARN_UNREACHABLE_CODE = YES;
				CLANG_WARN__DUPLICATE_METHOD_MATCH = YES;
				CODE_SIGN_IDENTITY = "-";
				CODE_SIGN_STYLE = Manual;
				COPY_PHASE_STRIP = NO;
				DEBUG_INFORMATION_FORMAT = "dwarf-with-dsym";
				DEVELOPMENT_TEAM = "";
				ENABLE_HARDENED_RUNTIME = NO;
				ENABLE_NS_ASSERTIONS = NO;
				ENABLE_STRICT_OBJC_MSGSEND = YES;
				GCC_C_LANGUAGE_STANDARD = gnu11;
				GCC_NO_COMMON_BLOCKS = YES;
				GCC_WARN_64_TO_32_BIT_CONVERSION = YES;
				GCC_WARN_ABOUT_RETURN_TYPE = YES_ERROR;
				GCC_WARN_UNDECLARED_SELECTOR = YES;
				GCC_WARN_UNINITIALIZED_AUTOS = YES_AGGRESSIVE;
				GCC_WARN_UNUSED_FUNCTION = YES;
				GCC_WARN_UNUSED_VARIABLE = YES;
				MACOSX_DEPLOYMENT_TARGET = 15.0;
				MTL_ENABLE_DEBUG_INFO = NO;
				MTL_FAST_MATH = YES;
				PRODUCT_NAME = "$(TARGET_NAME)";
				SDKROOT = macosx;
				SWIFT_COMPILATION_MODE = wholemodule;
				SWIFT_OPTIMIZATION_LEVEL = "-O";
				SWIFT_VERSION = 6.0;
			};
			name = Release;
		};
		14AF547D8F58EF9A53532A57 /* Release */ = {
			isa = XCBuildConfiguration;
			buildSettings = {
				BUNDLE_LOADER = "$(TEST_HOST)";
				COMBINE_HIDPI_IMAGES = YES;
				ENABLE_HARDENED_RUNTIME = NO;
				GENERATE_INFOPLIST_FILE = YES;
				LD_RUNPATH_SEARCH_PATHS = (
					"$(inherited)",
					"@executable_path/../Frameworks",
					"@loader_path/../Frameworks",
				);
				PRODUCT_BUNDLE_IDENTIFIER = dev.local.cozytime.tests;
				SDKROOT = macosx;
				TEST_HOST = "$(BUILT_PRODUCTS_DIR)/CozyTime.app/Contents/MacOS/CozyTime";
			};
			name = Release;
		};
		32F997967D55E5586E9FBC22 /* Release */ = {
			isa = XCBuildConfiguration;
			buildSettings = {
				BUNDLE_LOADER = "$(TEST_HOST)";
				COMBINE_HIDPI_IMAGES = YES;
				ENABLE_HARDENED_RUNTIME = NO;
				GENERATE_INFOPLIST_FILE = YES;
				LD_RUNPATH_SEARCH_PATHS = (
					"$(inherited)",
					"@executable_path/Frameworks",
					"@loader_path/Frameworks",
				);
				PRODUCT_BUNDLE_IDENTIFIER = dev.local.cozytime.uitests;
				SDKROOT = macosx;
				TEST_TARGET_NAME = CozyTime;
			};
			name = Release;
		};
		59CB4D448994BE8BEFB257ED /* Debug */ = {
			isa = XCBuildConfiguration;
			buildSettings = {
				BUNDLE_LOADER = "$(TEST_HOST)";
				COMBINE_HIDPI_IMAGES = YES;
				ENABLE_HARDENED_RUNTIME = NO;
				GENERATE_INFOPLIST_FILE = YES;
				LD_RUNPATH_SEARCH_PATHS = (
					"$(inherited)",
					"@executable_path/../Frameworks",
					"@loader_path/../Frameworks",
				);
				PRODUCT_BUNDLE_IDENTIFIER = dev.local.cozytime.tests;
				SDKROOT = macosx;
				TEST_HOST = "$(BUILT_PRODUCTS_DIR)/CozyTime.app/Contents/MacOS/CozyTime";
			};
			name = Debug;
		};
		5F10D54CF9E66FB1A299D296 /* Debug */ = {
			isa = XCBuildConfiguration;
			buildSettings = {
				CODE_SIGN_IDENTITY = "";
				COMBINE_HIDPI_IMAGES = YES;
				CURRENT_PROJECT_VERSION = 1;
				DEFINES_MODULE = YES;
				DYLIB_COMPATIBILITY_VERSION = 1;
				DYLIB_CURRENT_VERSION = 1;
				DYLIB_INSTALL_NAME_BASE = "@rpath";
				GENERATE_INFOPLIST_FILE = YES;
				INSTALL_PATH = "$(LOCAL_LIBRARY_DIR)/Frameworks";
				LD_RUNPATH_SEARCH_PATHS = (
					"$(inherited)",
					"@executable_path/../Frameworks",
				);
				PRODUCT_BUNDLE_IDENTIFIER = dev.local.cozytime.core;
				SDKROOT = macosx;
				SKIP_INSTALL = YES;
				VERSIONING_SYSTEM = "apple-generic";
			};
			name = Debug;
		};
		66EF5D7E74276EABD0EA611E /* Release */ = {
			isa = XCBuildConfiguration;
			buildSettings = {
				CODE_SIGN_IDENTITY = "";
				COMBINE_HIDPI_IMAGES = YES;
				CURRENT_PROJECT_VERSION = 1;
				DEFINES_MODULE = YES;
				DYLIB_COMPATIBILITY_VERSION = 1;
				DYLIB_CURRENT_VERSION = 1;
				DYLIB_INSTALL_NAME_BASE = "@rpath";
				GENERATE_INFOPLIST_FILE = YES;
				INSTALL_PATH = "$(LOCAL_LIBRARY_DIR)/Frameworks";
				LD_RUNPATH_SEARCH_PATHS = (
					"$(inherited)",
					"@executable_path/../Frameworks",
				);
				PRODUCT_BUNDLE_IDENTIFIER = dev.local.cozytime.core;
				SDKROOT = macosx;
				SKIP_INSTALL = YES;
				VERSIONING_SYSTEM = "apple-generic";
			};
			name = Release;
		};
		7C0653D3EBA6077E9CB3F37B /* Debug */ = {
			isa = XCBuildConfiguration;
			buildSettings = {
				ALWAYS_SEARCH_USER_PATHS = NO;
				ARCHS = arm64;
				CLANG_ANALYZER_NONNULL = YES;
				CLANG_ANALYZER_NUMBER_OBJECT_CONVERSION = YES_AGGRESSIVE;
				CLANG_CXX_LANGUAGE_STANDARD = "gnu++14";
				CLANG_CXX_LIBRARY = "libc++";
				CLANG_ENABLE_MODULES = YES;
				CLANG_ENABLE_OBJC_ARC = YES;
				CLANG_ENABLE_OBJC_WEAK = YES;
				CLANG_WARN_BLOCK_CAPTURE_AUTORELEASING = YES;
				CLANG_WARN_BOOL_CONVERSION = YES;
				CLANG_WARN_COMMA = YES;
				CLANG_WARN_CONSTANT_CONVERSION = YES;
				CLANG_WARN_DEPRECATED_OBJC_IMPLEMENTATIONS = YES;
				CLANG_WARN_DIRECT_OBJC_ISA_USAGE = YES_ERROR;
				CLANG_WARN_DOCUMENTATION_COMMENTS = YES;
				CLANG_WARN_EMPTY_BODY = YES;
				CLANG_WARN_ENUM_CONVERSION = YES;
				CLANG_WARN_INFINITE_RECURSION = YES;
				CLANG_WARN_INT_CONVERSION = YES;
				CLANG_WARN_NON_LITERAL_NULL_CONVERSION = YES;
				CLANG_WARN_OBJC_IMPLICIT_RETAIN_SELF = YES;
				CLANG_WARN_OBJC_LITERAL_CONVERSION = YES;
				CLANG_WARN_OBJC_ROOT_CLASS = YES_ERROR;
				CLANG_WARN_QUOTED_INCLUDE_IN_FRAMEWORK_HEADER = YES;
				CLANG_WARN_RANGE_LOOP_ANALYSIS = YES;
				CLANG_WARN_STRICT_PROTOTYPES = YES;
				CLANG_WARN_SUSPICIOUS_MOVE = YES;
				CLANG_WARN_UNGUARDED_AVAILABILITY = YES_AGGRESSIVE;
				CLANG_WARN_UNREACHABLE_CODE = YES;
				CLANG_WARN__DUPLICATE_METHOD_MATCH = YES;
				CODE_SIGN_IDENTITY = "-";
				CODE_SIGN_STYLE = Manual;
				COPY_PHASE_STRIP = NO;
				DEBUG_INFORMATION_FORMAT = dwarf;
				DEVELOPMENT_TEAM = "";
				ENABLE_HARDENED_RUNTIME = NO;
				ENABLE_STRICT_OBJC_MSGSEND = YES;
				ENABLE_TESTABILITY = YES;
				GCC_C_LANGUAGE_STANDARD = gnu11;
				GCC_DYNAMIC_NO_PIC = NO;
				GCC_NO_COMMON_BLOCKS = YES;
				GCC_OPTIMIZATION_LEVEL = 0;
				GCC_PREPROCESSOR_DEFINITIONS = (
					"$(inherited)",
					"DEBUG=1",
				);
				GCC_WARN_64_TO_32_BIT_CONVERSION = YES;
				GCC_WARN_ABOUT_RETURN_TYPE = YES_ERROR;
				GCC_WARN_UNDECLARED_SELECTOR = YES;
				GCC_WARN_UNINITIALIZED_AUTOS = YES_AGGRESSIVE;
				GCC_WARN_UNUSED_FUNCTION = YES;
				GCC_WARN_UNUSED_VARIABLE = YES;
				MACOSX_DEPLOYMENT_TARGET = 15.0;
				MTL_ENABLE_DEBUG_INFO = INCLUDE_SOURCE;
				MTL_FAST_MATH = YES;
				ONLY_ACTIVE_ARCH = YES;
				PRODUCT_NAME = "$(TARGET_NAME)";
				SDKROOT = macosx;
				SWIFT_ACTIVE_COMPILATION_CONDITIONS = DEBUG;
				SWIFT_OPTIMIZATION_LEVEL = "-Onone";
				SWIFT_VERSION = 6.0;
			};
			name = Debug;
		};
		CB9652971F612FF66D8C9FDC /* Debug */ = {
			isa = XCBuildConfiguration;
			buildSettings = {
				ASSETCATALOG_COMPILER_APPICON_NAME = AppIcon;
				CODE_SIGN_ENTITLEMENTS = Packaging/CozyTime.entitlements;
				COMBINE_HIDPI_IMAGES = YES;
				CURRENT_PROJECT_VERSION = 1;
				ENABLE_HARDENED_RUNTIME = NO;
				GENERATE_INFOPLIST_FILE = NO;
				INFOPLIST_FILE = XcodeSupport/CozyTime/Info.plist;
				LD_RUNPATH_SEARCH_PATHS = (
					"$(inherited)",
					"@executable_path/../Frameworks",
				);
				MARKETING_VERSION = 0.2.1;
				PRODUCT_BUNDLE_IDENTIFIER = dev.local.cozytime;
				PRODUCT_NAME = CozyTime;
				SDKROOT = macosx;
			};
			name = Debug;
		};
		F7C8B897B6959D88E3C8D4FE /* Debug */ = {
			isa = XCBuildConfiguration;
			buildSettings = {
				BUNDLE_LOADER = "$(TEST_HOST)";
				COMBINE_HIDPI_IMAGES = YES;
				ENABLE_HARDENED_RUNTIME = NO;
				GENERATE_INFOPLIST_FILE = YES;
				LD_RUNPATH_SEARCH_PATHS = (
					"$(inherited)",
					"@executable_path/Frameworks",
					"@loader_path/Frameworks",
				);
				PRODUCT_BUNDLE_IDENTIFIER = dev.local.cozytime.uitests;
				SDKROOT = macosx;
				TEST_TARGET_NAME = CozyTime;
			};
			name = Debug;
		};
		FC788FA34801D546C19319B7 /* Release */ = {
			isa = XCBuildConfiguration;
			buildSettings = {
				ASSETCATALOG_COMPILER_APPICON_NAME = AppIcon;
				CODE_SIGN_ENTITLEMENTS = Packaging/CozyTime.entitlements;
				COMBINE_HIDPI_IMAGES = YES;
				CURRENT_PROJECT_VERSION = 1;
				GENERATE_INFOPLIST_FILE = NO;
				INFOPLIST_FILE = XcodeSupport/CozyTime/Info.plist;
				LD_RUNPATH_SEARCH_PATHS = (
					"$(inherited)",
					"@executable_path/../Frameworks",
				);
				MARKETING_VERSION = 0.2.1;
				PRODUCT_BUNDLE_IDENTIFIER = dev.local.cozytime;
				PRODUCT_NAME = CozyTime;
				SDKROOT = macosx;
			};
			name = Release;
		};
/* End XCBuildConfiguration section */

/* Begin XCConfigurationList section */
		09DA137489576512C5E521B8 /* Build configuration list for PBXNativeTarget "CozyTime" */ = {
			isa = XCConfigurationList;
			buildConfigurations = (
				CB9652971F612FF66D8C9FDC /* Debug */,
				FC788FA34801D546C19319B7 /* Release */,
			);
			defaultConfigurationIsVisible = 0;
			defaultConfigurationName = Debug;
		};
		3BFA23E6D45B43B6D7F69BBF /* Build configuration list for PBXNativeTarget "CozyCore" */ = {
			isa = XCConfigurationList;
			buildConfigurations = (
				5F10D54CF9E66FB1A299D296 /* Debug */,
				66EF5D7E74276EABD0EA611E /* Release */,
			);
			defaultConfigurationIsVisible = 0;
			defaultConfigurationName = Debug;
		};
		7020D3067B1F74F051CC96BD /* Build configuration list for PBXProject "CozyTime" */ = {
			isa = XCConfigurationList;
			buildConfigurations = (
				7C0653D3EBA6077E9CB3F37B /* Debug */,
				02042E804EABA8C057BE1C96 /* Release */,
			);
			defaultConfigurationIsVisible = 0;
			defaultConfigurationName = Debug;
		};
		7EE4DBE0DC0DE860A117B022 /* Build configuration list for PBXNativeTarget "CozyTimeUITests" */ = {
			isa = XCConfigurationList;
			buildConfigurations = (
				F7C8B897B6959D88E3C8D4FE /* Debug */,
				32F997967D55E5586E9FBC22 /* Release */,
			);
			defaultConfigurationIsVisible = 0;
			defaultConfigurationName = Debug;
		};
		A439BBE90C1E5D1EF35C69FF /* Build configuration list for PBXNativeTarget "CozyTimeTests" */ = {
			isa = XCConfigurationList;
			buildConfigurations = (
				59CB4D448994BE8BEFB257ED /* Debug */,
				14AF547D8F58EF9A53532A57 /* Release */,
			);
			defaultConfigurationIsVisible = 0;
			defaultConfigurationName = Debug;
		};
/* End XCConfigurationList section */

/* Begin XCRemoteSwiftPackageReference section */
		A613E196D9BF2D7D390D1A10 /* XCRemoteSwiftPackageReference "lottie-spm" */ = {
			isa = XCRemoteSwiftPackageReference;
			repositoryURL = "https://github.com/airbnb/lottie-spm.git";
			requirement = {
				kind = upToNextMajorVersion;
				minimumVersion = 4.6.0;
			};
		};
/* End XCRemoteSwiftPackageReference section */

/* Begin XCSwiftPackageProductDependency section */
		E5E071DBBE546E4AF9C52ACB /* Lottie */ = {
			isa = XCSwiftPackageProductDependency;
			package = A613E196D9BF2D7D390D1A10 /* XCRemoteSwiftPackageReference "lottie-spm" */;
			productName = Lottie;
		};
/* End XCSwiftPackageProductDependency section */
	};
	rootObject = BCE509F53E35E1FACCED9299 /* Project object */;
}
